
Microsoft Visual Studio Solution File, Format Version 12.00
Project("{FAE04EC0-301F-11D3-BF4B-00C04F79EFBC}") = "CalculatorQuest", "CalculatorQuest\CalculatorQuest.csproj", "{BC260497-B52A-4A8E-8CB8-0E4D59BED70C}"
EndProject
Global
	GlobalSection(SolutionConfigurationPlatforms) = preSolution
		Debug|Any CPU = Debug|Any CPU
		Release|Any CPU = Release|Any CPU
	EndGlobalSection
	GlobalSection(ProjectConfigurationPlatforms) = postSolution
		{BC260497-B52A-4A8E-8CB8-0E4D59BED70C}.Debug|Any CPU.ActiveCfg = Debug|Any CPU
		{BC260497-B52A-4A8E-8CB8-0E4D59BED70C}.Debug|Any CPU.Build.0 = Debug|Any CPU
		{BC260497-B52A-4A8E-8CB8-0E4D59BED70C}.Release|Any CPU.ActiveCfg = Release|Any CPU
		{BC260497-B52A-4A8E-8CB8-0E4D59BED70C}.Release|Any CPU.Build.0 = Release|Any CPU
	EndGlobalSection
EndGlobal
